
Microsoft Visual Studio Solution File, Format Version 12.00
# Visual Studio Version 16
VisualStudioVersion = 16.0.31702.278
MinimumVisualStudioVersion = 10.0.40219.1
Project("{FAE04EC0-301F-11D3-BF4B-00C04F79EFBC}") = "Wpf_lab16.1", "Wpf_lab16.1\Wpf_lab16.1.csproj", "{B4D2BC38-0432-4DA5-B583-9C03DB5B60EE}"
EndProject
Global
	GlobalSection(SolutionConfigurationPlatforms) = preSolution
		Debug|Any CPU = Debug|Any CPU
		Release|Any CPU = Release|Any CPU
	EndGlobalSection
	GlobalSection(ProjectConfigurationPlatforms) = postSolution
		{B4D2BC38-0432-4DA5-B583-9C03DB5B60EE}.Debug|Any CPU.ActiveCfg = Debug|Any CPU
		{B4D2BC38-0432-4DA5-B583-9C03DB5B60EE}.Debug|Any CPU.Build.0 = Debug|Any CPU
		{B4D2BC38-0432-4DA5-B583-9C03DB5B60EE}.Release|Any CPU.ActiveCfg = Release|Any CPU
		{B4D2BC38-0432-4DA5-B583-9C03DB5B60EE}.Release|Any CPU.Build.0 = Release|Any CPU
	EndGlobalSection
	GlobalSection(SolutionProperties) = preSolution
		HideSolutionNode = FALSE
	EndGlobalSection
	GlobalSection(ExtensibilityGlobals) = postSolution
		SolutionGuid = {2169992E-DCFB-4A17-AD9D-C0B1DF4C188B}
	EndGlobalSection
EndGlobal
